# This file is automatically @generated by Cargo.
# It is not intended for manual editing.
version = 3

[[package]]
name = "bit_field"
version = "0.10.2"
source = "registry+https://github.com/rust-lang/crates.io-index"
checksum = "dc827186963e592360843fb5ba4b973e145841266c1357f7180c43526f2e5b61"

[[package]]
name = "bitflags"
version = "2.4.1"
source = "registry+https://github.com/rust-lang/crates.io-index"
checksum = "327762f6e5a765692301e5bb513e0d9fef63be86bbc14528052b1cd3e6f03e07"

[[package]]
name = "bootloader_api"
version = "0.11.5"
source = "registry+https://github.com/rust-lang/crates.io-index"
checksum = "daaa1fb791aea49e19db7b7b3662665d511eb4e30a0627fa525fd92652f39358"

[[package]]
name = "kernel_with_bootloader"
version = "0.1.0"
dependencies = [
 "bootloader_api",
 "x86_64",
]

[[package]]
name = "rustversion"
version = "1.0.14"
source = "registry+https://github.com/rust-lang/crates.io-index"
checksum = "7ffc183a10b4478d04cbbbfc96d0873219d962dd5accaff2ffbd4ceb7df837f4"

[[package]]
name = "volatile"
version = "0.4.6"
source = "registry+https://github.com/rust-lang/crates.io-index"
checksum = "442887c63f2c839b346c192d047a7c87e73d0689c9157b00b53dcc27dd5ea793"

[[package]]
name = "x86_64"
version = "0.14.11"
source = "registry+https://github.com/rust-lang/crates.io-index"
checksum = "3b835097a84e4457323331ec5d6eb23d096066cbfb215d54096dcb4b2e85f500"
dependencies = [
 "bit_field",
 "bitflags",
 "rustversion",
 "volatile",
]
